
Microsoft Visual Studio Solution File, Format Version 12.00
# Visual Studio 15
VisualStudioVersion = 15.0.27428.2037
MinimumVisualStudioVersion = 10.0.40219.1
Project("{FAE04EC0-301F-11D3-BF4B-00C04F79EFBC}") = "Massiv", "ConsoleApp7\Massiv.csproj", "{C7F41761-2D23-4516-A69C-5419103E2BBE}"
EndProject
Global
	GlobalSection(SolutionConfigurationPlatforms) = preSolution
		Debug|Any CPU = Debug|Any CPU
		Release|Any CPU = Release|Any CPU
	EndGlobalSection
	GlobalSection(ProjectConfigurationPlatforms) = postSolution
		{C7F41761-2D23-4516-A69C-5419103E2BBE}.Debug|Any CPU.ActiveCfg = Debug|Any CPU
		{C7F41761-2D23-4516-A69C-5419103E2BBE}.Debug|Any CPU.Build.0 = Debug|Any CPU
		{C7F41761-2D23-4516-A69C-5419103E2BBE}.Release|Any CPU.ActiveCfg = Release|Any CPU
		{C7F41761-2D23-4516-A69C-5419103E2BBE}.Release|Any CPU.Build.0 = Release|Any CPU
	EndGlobalSection
	GlobalSection(SolutionProperties) = preSolution
		HideSolutionNode = FALSE
	EndGlobalSection
	GlobalSection(ExtensibilityGlobals) = postSolution
		SolutionGuid = {1FB92D5A-EFFB-43B1-933D-47CE13260532}
	EndGlobalSection
EndGlobal
